{
  "requires": true,
  "lockfileVersion": 1,
  "dependencies": {
    "@ionic-native/camera": {
      "version": "5.28.0",
      "resolved": "https://registry.npmjs.org/@ionic-native/camera/-/camera-5.28.0.tgz",
      "integrity": "sha512-bJV1lXuN8XxRRY6d1q8/i0aSBFohtKvZzQKD7m+sY5SIDnqXrB4NH9ci2Ghl0L/nvK+Zmwrrw69qQ0NEK2233g==",
      "requires": {
        "@types/cordova": "^0.0.34"
      }
    },
    "@types/cordova": {
      "version": "0.0.34",
      "resolved": "https://registry.npmjs.org/@types/cordova/-/cordova-0.0.34.tgz",
      "integrity": "sha1-6nrd907Ow9dimCegw54smt3HPQQ="
    },
    "cordova-plugin-camera": {
      "version": "4.1.0",
      "resolved": "https://registry.npmjs.org/cordova-plugin-camera/-/cordova-plugin-camera-4.1.0.tgz",
      "integrity": "sha512-fCLhWjWYn49q3X5xaypAPgTz6MAWSKFFQvD2Gpi5SuVlrRPRphtX2jIqR2zCBuDTBR082QVnlc+yUDXt65Mjgw=="
    }
  }
}
